
Microsoft Visual Studio Solution File, Format Version 12.00
# Visual Studio Version 17
VisualStudioVersion = 17.2.32630.192
MinimumVisualStudioVersion = 10.0.40219.1
Project("{FAE04EC0-301F-11D3-BF4B-00C04F79EFBC}") = "LoginDemo", "LoginDemo\LoginDemo.csproj", "{9443EBB7-CEED-45FF-BDFB-1C7A579E324A}"
EndProject
Global
	GlobalSection(SolutionConfigurationPlatforms) = preSolution
		Debug|Any CPU = Debug|Any CPU
		Release|Any CPU = Release|Any CPU
	EndGlobalSection
	GlobalSection(ProjectConfigurationPlatforms) = postSolution
		{9443EBB7-CEED-45FF-BDFB-1C7A579E324A}.Debug|Any CPU.ActiveCfg = Debug|Any CPU
		{9443EBB7-CEED-45FF-BDFB-1C7A579E324A}.Debug|Any CPU.Build.0 = Debug|Any CPU
		{9443EBB7-CEED-45FF-BDFB-1C7A579E324A}.Release|Any CPU.ActiveCfg = Release|Any CPU
		{9443EBB7-CEED-45FF-BDFB-1C7A579E324A}.Release|Any CPU.Build.0 = Release|Any CPU
	EndGlobalSection
	GlobalSection(SolutionProperties) = preSolution
		HideSolutionNode = FALSE
	EndGlobalSection
	GlobalSection(ExtensibilityGlobals) = postSolution
		SolutionGuid = {6070FB53-EE6D-4F6B-83BF-83A0160739A9}
	EndGlobalSection
EndGlobal
